{
  "name": "decisiondex-example",
  "version": "0.1.0",
  "lockfileVersion": 3,
  "requires": true,
  "packages": {
    "": {
      "name": "decisiondex-example",
      "version": "0.1.0",
      "dependencies": {
        "decisiondex-core": "file:../core"
      }
    },
    "../core": {
      "name": "decisiondex-core",
      "version": "0.1.0"
    },
    "node_modules/decisiondex-core": {
      "resolved": "../core",
      "link": true
    }
  }
}
